<?xml version="1.0" encoding="utf-8"?>
<Project ToolsVersion="4.0" xmlns="http://schemas.microsoft.com/developer/msbuild/2003">
  <ItemGroup>
    <Filter Include="Source Files">
      <UniqueIdentifier>{4FC737F1-C7A5-4376-A066-2A32D752A2FF}</UniqueIdentifier>
      <Extensions>cpp;c;cc;cxx;c++;cppm;ixx;def;odl;idl;hpj;bat;asm;asmx</Extensions>
    </Filter>
    <Filter Include="Header Files">
      <UniqueIdentifier>{93995380-89BD-4b04-88EB-625FBE52EBFB}</UniqueIdentifier>
      <Extensions>h;hh;hpp;hxx;h++;hm;inl;inc;ipp;xsd</Extensions>
    </Filter>
    <Filter Include="Resource Files">
      <UniqueIdentifier>{67DA6AB6-F800-4c08-8B7A-83BB121AAD01}</UniqueIdentifier>
      <Extensions>rc;ico;cur;bmp;dlg;rc2;rct;bin;rgs;gif;jpg;jpeg;jpe;resx;tiff;tif;png;wav;mfcribbon-ms</Extensions>
    </Filter>
    <Filter Include="Commands">
      <UniqueIdentifier>{f81b89d8-4373-49b9-b4e2-9bd9ff541df7}</UniqueIdentifier>
    </Filter>
    <Filter Include="Components">
      <UniqueIdentifier>{1475d15a-f0d7-4aca-b8f9-9067eea57d78}</UniqueIdentifier>
    </Filter>
    <Filter Include="States">
      <UniqueIdentifier>{bd15647f-e0a9-48d2-8623-7a562792dcad}</UniqueIdentifier>
    </Filter>
    <Filter Include="SubStates">
      <UniqueIdentifier>{b9b8b819-f5ed-4c7f-bb54-0c04f8a8c59d}</UniqueIdentifier>
    </Filter>
    <Filter Include="Dives">
      <UniqueIdentifier>{391d61e0-d92f-408a-ba92-d17bd14f21de}</UniqueIdentifier>
    </Filter>
  </ItemGroup>
  <ItemGroup>
    <ClCompile Include="main.cpp">
      <Filter>Source Files</Filter>
    </ClCompile>
    <ClCompile Include="Minigin.cpp">
      <Filter>Source Files</Filter>
    </ClCompile>
    <ClCompile Include="MoveCommand.cpp">
      <Filter>Commands</Filter>
    </ClCompile>
    <ClCompile Include="ControlComponent.cpp">
      <Filter>Components</Filter>
    </ClCompile>
    <ClCompile Include="ShootCommand.cpp">
      <Filter>Commands</Filter>
    </ClCompile>
    <ClCompile Include="ShootComponent.cpp">
      <Filter>Components</Filter>
    </ClCompile>
    <ClCompile Include="CollisionManager.cpp">
      <Filter>Source Files</Filter>
    </ClCompile>
    <ClCompile Include="ThrusterComponent.cpp">
      <Filter>Components</Filter>
    </ClCompile>
    <ClCompile Include="HealthComponent.cpp">
      <Filter>Components</Filter>
    </ClCompile>
    <ClCompile Include="EnemyManager.cpp">
      <Filter>Source Files</Filter>
    </ClCompile>
    <ClCompile Include="AIFlyComponent.cpp">
      <Filter>Components</Filter>
    </ClCompile>
    <ClCompile Include="BombRunState.cpp">
      <Filter>States</Filter>
    </ClCompile>
    <ClCompile Include="SpawnDiveState.cpp">
      <Filter>States</Filter>
    </ClCompile>
    <ClCompile Include="FormationState.cpp">
      <Filter>States</Filter>
    </ClCompile>
    <ClCompile Include="AlienState.cpp">
      <Filter>States</Filter>
    </ClCompile>
    <ClCompile Include="TxtParser.cpp">
      <Filter>Source Files</Filter>
    </ClCompile>
    <ClCompile Include="DSS_MoveToPoint.cpp">
      <Filter>SubStates</Filter>
    </ClCompile>
    <ClCompile Include="Dive_UpToRight.cpp">
      <Filter>Dives</Filter>
    </ClCompile>
    <ClCompile Include="Dive_UpToLeft.cpp">
      <Filter>Dives</Filter>
    </ClCompile>
    <ClCompile Include="DSS_CircleAroundPoint.cpp">
      <Filter>SubStates</Filter>
    </ClCompile>
    <ClCompile Include="Dive_LeftToMiddle.cpp">
      <Filter>Dives</Filter>
    </ClCompile>
    <ClCompile Include="Dive.cpp">
      <Filter>Dives</Filter>
    </ClCompile>
    <ClCompile Include="Dive_RightToMiddle.cpp">
      <Filter>Dives</Filter>
    </ClCompile>
  </ItemGroup>
  <ItemGroup>
    <ClInclude Include="stdafx.h">
      <Filter>Header Files</Filter>
    </ClInclude>
    <ClInclude Include="Minigin.h">
      <Filter>Header Files</Filter>
    </ClInclude>
    <ClInclude Include="MoveCommand.h">
      <Filter>Commands</Filter>
    </ClInclude>
    <ClInclude Include="ControlComponent.h">
      <Filter>Components</Filter>
    </ClInclude>
    <ClInclude Include="ShootCommand.h">
      <Filter>Commands</Filter>
    </ClInclude>
    <ClInclude Include="ShootComponent.h">
      <Filter>Components</Filter>
    </ClInclude>
    <ClInclude Include="CollisionManager.h">
      <Filter>Header Files</Filter>
    </ClInclude>
    <ClInclude Include="ThrusterComponent.h">
      <Filter>Components</Filter>
    </ClInclude>
    <ClInclude Include="HealthComponent.h">
      <Filter>Components</Filter>
    </ClInclude>
    <ClInclude Include="EnemyManager.h">
      <Filter>Header Files</Filter>
    </ClInclude>
    <ClInclude Include="AIFlyComponent.h">
      <Filter>Components</Filter>
    </ClInclude>
    <ClInclude Include="AlienState.h">
      <Filter>States</Filter>
    </ClInclude>
    <ClInclude Include="BombRunState.h">
      <Filter>States</Filter>
    </ClInclude>
    <ClInclude Include="FormationState.h">
      <Filter>States</Filter>
    </ClInclude>
    <ClInclude Include="SpawnDiveState.h">
      <Filter>States</Filter>
    </ClInclude>
    <ClInclude Include="TxtParser.h">
      <Filter>Header Files</Filter>
    </ClInclude>
    <ClInclude Include="DiveSubState.h">
      <Filter>SubStates</Filter>
    </ClInclude>
    <ClInclude Include="DSS_MoveToPoint.h">
      <Filter>SubStates</Filter>
    </ClInclude>
    <ClInclude Include="Dive.h">
      <Filter>Dives</Filter>
    </ClInclude>
    <ClInclude Include="Dive_UpToRight.h">
      <Filter>Dives</Filter>
    </ClInclude>
    <ClInclude Include="Dive_UpToLeft.h">
      <Filter>Dives</Filter>
    </ClInclude>
    <ClInclude Include="DSS_CircleAroundPoint.h">
      <Filter>SubStates</Filter>
    </ClInclude>
    <ClInclude Include="Dive_LeftToMiddle.h">
      <Filter>Dives</Filter>
    </ClInclude>
    <ClInclude Include="Dive_RightToMiddle.h">
      <Filter>Dives</Filter>
    </ClInclude>
  </ItemGroup>
</Project>